{
  "name": "my-first-electron",
  "version": "1.0.0",
  "lockfileVersion": 1,
  "requires": true,
  "dependencies": {
    "xel": {
      "version": "0.0.121",
      "resolved": "https://registry.npmjs.org/xel/-/xel-0.0.121.tgz",
      "integrity": "sha512-NGtWebUP1s2KVhMMLdoJIpPzeH2eCCyBvg4uim9rvaOfzY1jSkREAH0lYOAOLTb7FDtHTLcqF6OUZ6Yn0KtOvg=="
    }
  }
}
